// !$*UTF8*$!
{
	archiveVersion = 1;
	classes = {
	};
	objectVersion = 54;
	objects = {

/* Begin PBXBuildFile section */
		00E356F31AD99517003FC87E /* ReceiptTests.m in Sources */ = {isa = PBXBuildFile; fileRef = 00E356F21AD99517003FC87E /* ReceiptTests.m */; };
		0F9FEEFE53B54FF9A8FEF8B9 /* OpenSans_Condensed-Bold.ttf in Resources */ = {isa = PBXBuildFile; fileRef = FB1789E7934E4005B039645A /* OpenSans_Condensed-Bold.ttf */; };
		13B07FBC1A68108700A75B9A /* AppDelegate.mm in Sources */ = {isa = PBXBuildFile; fileRef = 13B07FB01A68108700A75B9A /* AppDelegate.mm */; };
		13B07FBF1A68108700A75B9A /* Images.xcassets in Resources */ = {isa = PBXBuildFile; fileRef = 13B07FB51A68108700A75B9A /* Images.xcassets */; };
		13B07FC11A68108700A75B9A /* main.m in Sources */ = {isa = PBXBuildFile; fileRef = 13B07FB71A68108700A75B9A /* main.m */; };
		1F3876DD453D4720B3E34154 /* OpenSans_Condensed-SemiBold.ttf in Resources */ = {isa = PBXBuildFile; fileRef = 05936F93A42E4F838E3BC6F6 /* OpenSans_Condensed-SemiBold.ttf */; };
		3A72DC26DEF749FABA2184E8 /* OpenSans_SemiCondensed-Light.ttf in Resources */ = {isa = PBXBuildFile; fileRef = C81A05B83DD14D0AA38B2DE6 /* OpenSans_SemiCondensed-Light.ttf */; };
		42E3A42BF5C74D249EB539B5 /* PTSerif-Bold.ttf in Resources */ = {isa = PBXBuildFile; fileRef = A7820408B7504A67B58A185E /* PTSerif-Bold.ttf */; };
		472B144D32357088ED016627 /* libPods-Receipt-ReceiptTests.a in Frameworks */ = {isa = PBXBuildFile; fileRef = D215F673A63EC3593C1A3E36 /* libPods-Receipt-ReceiptTests.a */; };
		4E29F5C22C87B10E00CB4910 /* libDoubleConversion.a in Frameworks */ = {isa = PBXBuildFile; fileRef = 4E29F5C12C87B10E00CB4910 /* libDoubleConversion.a */; };
		589241EC7F744116A217985E /* OpenSans_Condensed-ExtraBold.ttf in Resources */ = {isa = PBXBuildFile; fileRef = C97E9DF941D44DB28F633D73 /* OpenSans_Condensed-ExtraBold.ttf */; };
		6D83089751B548E89E131FCE /* OpenSans-ExtraBold.ttf in Resources */ = {isa = PBXBuildFile; fileRef = CECC8DD2135441B684B60127 /* OpenSans-ExtraBold.ttf */; };
		76F60824B85D0D9BE06B52DD /* libPods-Receipt.a in Frameworks */ = {isa = PBXBuildFile; fileRef = 40CA155439CB3DDA597F49DF /* libPods-Receipt.a */; settings = {ATTRIBUTES = (Required, ); }; };
		81AB9BB82411601600AC10FF /* LaunchScreen.storyboard in Resources */ = {isa = PBXBuildFile; fileRef = 81AB9BB72411601600AC10FF /* LaunchScreen.storyboard */; };
		83969EC631D24838A27DDFA3 /* OpenSans_SemiCondensed-ExtraBoldItalic.ttf in Resources */ = {isa = PBXBuildFile; fileRef = 5822346D8DEB46B0B8F35660 /* OpenSans_SemiCondensed-ExtraBoldItalic.ttf */; };
		8616C27F5EEB4FA2ACEC45B9 /* OpenSans-Light.ttf in Resources */ = {isa = PBXBuildFile; fileRef = E672ED0A808449328C8C9A34 /* OpenSans-Light.ttf */; };
		922C1E7A060F4C18A2C25508 /* OpenSans_SemiCondensed-SemiBold.ttf in Resources */ = {isa = PBXBuildFile; fileRef = 363CE19E0F59487796B000D4 /* OpenSans_SemiCondensed-SemiBold.ttf */; };
		AA201486996E4FFAB99ABCC7 /* OpenSans_SemiCondensed-Regular.ttf in Resources */ = {isa = PBXBuildFile; fileRef = 13B4E210B3AB4442AEB94AD7 /* OpenSans_SemiCondensed-Regular.ttf */; };
		ACCE37E4D3954119BEF0AEFC /* OpenSans_Condensed-Light.ttf in Resources */ = {isa = PBXBuildFile; fileRef = 2AC37323AB8F4571AF261AD8 /* OpenSans_Condensed-Light.ttf */; };
		B0C0B7BC9CB243FC96AA6405 /* OpenSans-Regular.ttf in Resources */ = {isa = PBXBuildFile; fileRef = E7E3CD2EDC9146AAA1BD094D /* OpenSans-Regular.ttf */; };
		B3D78937D5674CB0B53688E2 /* OpenSans-Medium.ttf in Resources */ = {isa = PBXBuildFile; fileRef = A4080A464F134A8D9263759C /* OpenSans-Medium.ttf */; };
		CA54000018A35A5235BF8260 /* PrivacyInfo.xcprivacy in Resources */ = {isa = PBXBuildFile; fileRef = BA459800A52BD4603C4E0CBD /* PrivacyInfo.xcprivacy */; };
		CB2BE83C4E6D435EBC174D96 /* PTSerif-Regular.ttf in Resources */ = {isa = PBXBuildFile; fileRef = 586AD93C8F544B1486B58220 /* PTSerif-Regular.ttf */; };
		D08A2AE9AB8346B4A3B75829 /* OpenSans-Bold.ttf in Resources */ = {isa = PBXBuildFile; fileRef = C9D4548745ED4AED93782F7C /* OpenSans-Bold.ttf */; };
		D287958E01754981A3544768 /* OpenSans_Condensed-Medium.ttf in Resources */ = {isa = PBXBuildFile; fileRef = CA76D2219E44425FA6944273 /* OpenSans_Condensed-Medium.ttf */; };
		DE4F1F4689594B0F8DA4AB92 /* OpenSans_SemiCondensed-Medium.ttf in Resources */ = {isa = PBXBuildFile; fileRef = 3DF8300130044C58853E239C /* OpenSans_SemiCondensed-Medium.ttf */; };
		DF9B55B0CDFE4DBFB85CEAE7 /* OpenSans_Condensed-Regular.ttf in Resources */ = {isa = PBXBuildFile; fileRef = 9DB75668FCE348CA800D4E8F /* OpenSans_Condensed-Regular.ttf */; };
		E024571ED43A4062B10305FD /* OpenSans-SemiBold.ttf in Resources */ = {isa = PBXBuildFile; fileRef = 6BAE053387C14281B05FF244 /* OpenSans-SemiBold.ttf */; };
		F8719D10FBF24435AB087133 /* PTSerif-Italic.ttf in Resources */ = {isa = PBXBuildFile; fileRef = 0E01DDEB1F06446FBA3F30CF /* PTSerif-Italic.ttf */; };
		FF6E9ACD4AA948F895E28662 /* OpenSans_SemiCondensed-Bold.ttf in Resources */ = {isa = PBXBuildFile; fileRef = E866919A7BCC43E789161AFF /* OpenSans_SemiCondensed-Bold.ttf */; };
/* End PBXBuildFile section */

/* Begin PBXContainerItemProxy section */
		00E356F41AD99517003FC87E /* PBXContainerItemProxy */ = {
			isa = PBXContainerItemProxy;
			containerPortal = 83CBB9F71A601CBA00E9B192 /* Project object */;
			proxyType = 1;
			remoteGlobalIDString = 13B07F861A680F5B00A75B9A;
			remoteInfo = Receipt;
		};
/* End PBXContainerItemProxy section */

/* Begin PBXFileReference section */
		00E356EE1AD99517003FC87E /* ReceiptTests.xctest */ = {isa = PBXFileReference; explicitFileType = wrapper.cfbundle; includeInIndex = 0; path = ReceiptTests.xctest; sourceTree = BUILT_PRODUCTS_DIR; };
		00E356F11AD99517003FC87E /* Info.plist */ = {isa = PBXFileReference; lastKnownFileType = text.plist.xml; path = Info.plist; sourceTree = "<group>"; };
		00E356F21AD99517003FC87E /* ReceiptTests.m */ = {isa = PBXFileReference; lastKnownFileType = sourcecode.c.objc; path = ReceiptTests.m; sourceTree = "<group>"; };
		05936F93A42E4F838E3BC6F6 /* OpenSans_Condensed-SemiBold.ttf */ = {isa = PBXFileReference; explicitFileType = undefined; fileEncoding = 9; includeInIndex = 0; lastKnownFileType = unknown; name = "OpenSans_Condensed-SemiBold.ttf"; path = "../src/assets/fonts/OpenSans_Condensed-SemiBold.ttf"; sourceTree = "<group>"; };
		0669317D16CC1A165C8A4E43 /* Pods-Receipt.debug.xcconfig */ = {isa = PBXFileReference; includeInIndex = 1; lastKnownFileType = text.xcconfig; name = "Pods-Receipt.debug.xcconfig"; path = "Target Support Files/Pods-Receipt/Pods-Receipt.debug.xcconfig"; sourceTree = "<group>"; };
		07838EA6C5E9150353AF635F /* Pods-Receipt-ReceiptTests.debug.xcconfig */ = {isa = PBXFileReference; includeInIndex = 1; lastKnownFileType = text.xcconfig; name = "Pods-Receipt-ReceiptTests.debug.xcconfig"; path = "Target Support Files/Pods-Receipt-ReceiptTests/Pods-Receipt-ReceiptTests.debug.xcconfig"; sourceTree = "<group>"; };
		0E01DDEB1F06446FBA3F30CF /* PTSerif-Italic.ttf */ = {isa = PBXFileReference; explicitFileType = undefined; fileEncoding = 9; includeInIndex = 0; lastKnownFileType = unknown; name = "PTSerif-Italic.ttf"; path = "../src/assets/fonts/PTSerif-Italic.ttf"; sourceTree = "<group>"; };
		13B07F961A680F5B00A75B9A /* LifebalancePlus.app */ = {isa = PBXFileReference; explicitFileType = wrapper.application; includeInIndex = 0; path = LifebalancePlus.app; sourceTree = BUILT_PRODUCTS_DIR; };
		13B07FAF1A68108700A75B9A /* AppDelegate.h */ = {isa = PBXFileReference; fileEncoding = 4; lastKnownFileType = sourcecode.c.h; name = AppDelegate.h; path = Receipt/AppDelegate.h; sourceTree = "<group>"; };
		13B07FB01A68108700A75B9A /* AppDelegate.mm */ = {isa = PBXFileReference; fileEncoding = 4; lastKnownFileType = sourcecode.cpp.objcpp; name = AppDelegate.mm; path = Receipt/AppDelegate.mm; sourceTree = "<group>"; };
		13B07FB51A68108700A75B9A /* Images.xcassets */ = {isa = PBXFileReference; lastKnownFileType = folder.assetcatalog; name = Images.xcassets; path = Receipt/Images.xcassets; sourceTree = "<group>"; };
		13B07FB61A68108700A75B9A /* Info.plist */ = {isa = PBXFileReference; fileEncoding = 4; lastKnownFileType = text.plist.xml; name = Info.plist; path = Receipt/Info.plist; sourceTree = "<group>"; };
		13B07FB71A68108700A75B9A /* main.m */ = {isa = PBXFileReference; fileEncoding = 4; lastKnownFileType = sourcecode.c.objc; name = main.m; path = Receipt/main.m; sourceTree = "<group>"; };
		13B07FB81A68108700A75B9A /* PrivacyInfo.xcprivacy */ = {isa = PBXFileReference; fileEncoding = 4; lastKnownFileType = text.plist.xml; name = PrivacyInfo.xcprivacy; path = Receipt/PrivacyInfo.xcprivacy; sourceTree = "<group>"; };
		13B4E210B3AB4442AEB94AD7 /* OpenSans_SemiCondensed-Regular.ttf */ = {isa = PBXFileReference; explicitFileType = undefined; fileEncoding = 9; includeInIndex = 0; lastKnownFileType = unknown; name = "OpenSans_SemiCondensed-Regular.ttf"; path = "../src/assets/fonts/OpenSans_SemiCondensed-Regular.ttf"; sourceTree = "<group>"; };
		2AC37323AB8F4571AF261AD8 /* OpenSans_Condensed-Light.ttf */ = {isa = PBXFileReference; explicitFileType = undefined; fileEncoding = 9; includeInIndex = 0; lastKnownFileType = unknown; name = "OpenSans_Condensed-Light.ttf"; path = "../src/assets/fonts/OpenSans_Condensed-Light.ttf"; sourceTree = "<group>"; };
		363CE19E0F59487796B000D4 /* OpenSans_SemiCondensed-SemiBold.ttf */ = {isa = PBXFileReference; explicitFileType = undefined; fileEncoding = 9; includeInIndex = 0; lastKnownFileType = unknown; name = "OpenSans_SemiCondensed-SemiBold.ttf"; path = "../src/assets/fonts/OpenSans_SemiCondensed-SemiBold.ttf"; sourceTree = "<group>"; };
		3DF8300130044C58853E239C /* OpenSans_SemiCondensed-Medium.ttf */ = {isa = PBXFileReference; explicitFileType = undefined; fileEncoding = 9; includeInIndex = 0; lastKnownFileType = unknown; name = "OpenSans_SemiCondensed-Medium.ttf"; path = "../src/assets/fonts/OpenSans_SemiCondensed-Medium.ttf"; sourceTree = "<group>"; };
		40CA155439CB3DDA597F49DF /* libPods-Receipt.a */ = {isa = PBXFileReference; explicitFileType = archive.ar; includeInIndex = 0; path = "libPods-Receipt.a"; sourceTree = BUILT_PRODUCTS_DIR; };
		4E08BE6A2C87AEB800779642 /* double-conversion.h */ = {isa = PBXFileReference; lastKnownFileType = sourcecode.c.h; name = "double-conversion.h"; path = "Pods/DoubleConversion/double-conversion/double-conversion.h"; sourceTree = "<group>"; };
		4E29F5AB2C87B0B000CB4910 /* bignum-dtoa.cc */ = {isa = PBXFileReference; lastKnownFileType = sourcecode.cpp.cpp; path = "bignum-dtoa.cc"; sourceTree = "<group>"; };
		4E29F5AC2C87B0B000CB4910 /* bignum-dtoa.h */ = {isa = PBXFileReference; lastKnownFileType = sourcecode.c.h; path = "bignum-dtoa.h"; sourceTree = "<group>"; };
		4E29F5AD2C87B0B000CB4910 /* bignum.cc */ = {isa = PBXFileReference; lastKnownFileType = sourcecode.cpp.cpp; path = bignum.cc; sourceTree = "<group>"; };
		4E29F5AE2C87B0B000CB4910 /* bignum.h */ = {isa = PBXFileReference; lastKnownFileType = sourcecode.c.h; path = bignum.h; sourceTree = "<group>"; };
		4E29F5AF2C87B0B000CB4910 /* cached-powers.cc */ = {isa = PBXFileReference; lastKnownFileType = sourcecode.cpp.cpp; path = "cached-powers.cc"; sourceTree = "<group>"; };
		4E29F5B02C87B0B000CB4910 /* cached-powers.h */ = {isa = PBXFileReference; lastKnownFileType = sourcecode.c.h; path = "cached-powers.h"; sourceTree = "<group>"; };
		4E29F5B12C87B0B000CB4910 /* diy-fp.cc */ = {isa = PBXFileReference; lastKnownFileType = sourcecode.cpp.cpp; path = "diy-fp.cc"; sourceTree = "<group>"; };
		4E29F5B22C87B0B000CB4910 /* diy-fp.h */ = {isa = PBXFileReference; lastKnownFileType = sourcecode.c.h; path = "diy-fp.h"; sourceTree = "<group>"; };
		4E29F5B32C87B0B000CB4910 /* double-conversion.cc */ = {isa = PBXFileReference; lastKnownFileType = sourcecode.cpp.cpp; path = "double-conversion.cc"; sourceTree = "<group>"; };
		4E29F5B42C87B0B000CB4910 /* double-conversion.h */ = {isa = PBXFileReference; lastKnownFileType = sourcecode.c.h; path = "double-conversion.h"; sourceTree = "<group>"; };
		4E29F5B52C87B0B000CB4910 /* fast-dtoa.cc */ = {isa = PBXFileReference; lastKnownFileType = sourcecode.cpp.cpp; path = "fast-dtoa.cc"; sourceTree = "<group>"; };
		4E29F5B62C87B0B000CB4910 /* fast-dtoa.h */ = {isa = PBXFileReference; lastKnownFileType = sourcecode.c.h; path = "fast-dtoa.h"; sourceTree = "<group>"; };
		4E29F5B72C87B0B000CB4910 /* fixed-dtoa.cc */ = {isa = PBXFileReference; lastKnownFileType = sourcecode.cpp.cpp; path = "fixed-dtoa.cc"; sourceTree = "<group>"; };
		4E29F5B82C87B0B000CB4910 /* fixed-dtoa.h */ = {isa = PBXFileReference; lastKnownFileType = sourcecode.c.h; path = "fixed-dtoa.h"; sourceTree = "<group>"; };
		4E29F5B92C87B0B000CB4910 /* ieee.h */ = {isa = PBXFileReference; lastKnownFileType = sourcecode.c.h; path = ieee.h; sourceTree = "<group>"; };
		4E29F5BA2C87B0B000CB4910 /* strtod.cc */ = {isa = PBXFileReference; lastKnownFileType = sourcecode.cpp.cpp; path = strtod.cc; sourceTree = "<group>"; };
		4E29F5BB2C87B0B000CB4910 /* strtod.h */ = {isa = PBXFileReference; lastKnownFileType = sourcecode.c.h; path = strtod.h; sourceTree = "<group>"; };
		4E29F5BC2C87B0B000CB4910 /* utils.h */ = {isa = PBXFileReference; lastKnownFileType = sourcecode.c.h; path = utils.h; sourceTree = "<group>"; };
		4E29F5BE2C87B0B000CB4910 /* LICENSE */ = {isa = PBXFileReference; lastKnownFileType = text; path = LICENSE; sourceTree = "<group>"; };
		4E29F5BF2C87B0B000CB4910 /* README */ = {isa = PBXFileReference; lastKnownFileType = text; path = README; sourceTree = "<group>"; };
		4E29F5C12C87B10E00CB4910 /* libDoubleConversion.a */ = {isa = PBXFileReference; explicitFileType = archive.ar; path = libDoubleConversion.a; sourceTree = BUILT_PRODUCTS_DIR; };
		4E8EB0892C09032D00B24087 /* hermes.xcframework */ = {isa = PBXFileReference; lastKnownFileType = wrapper.xcframework; name = hermes.xcframework; path = "Pods/hermes-engine/destroot/Library/Frameworks/universal/hermes.xcframework"; sourceTree = "<group>"; };
		4E8EB08B2C09034600B24087 /* libReact-hermes.a */ = {isa = PBXFileReference; explicitFileType = archive.ar; path = "libReact-hermes.a"; sourceTree = BUILT_PRODUCTS_DIR; };
		5822346D8DEB46B0B8F35660 /* OpenSans_SemiCondensed-ExtraBoldItalic.ttf */ = {isa = PBXFileReference; explicitFileType = undefined; fileEncoding = 9; includeInIndex = 0; lastKnownFileType = unknown; name = "OpenSans_SemiCondensed-ExtraBoldItalic.ttf"; path = "../src/assets/fonts/OpenSans_SemiCondensed-ExtraBoldItalic.ttf"; sourceTree = "<group>"; };
		586AD93C8F544B1486B58220 /* PTSerif-Regular.ttf */ = {isa = PBXFileReference; explicitFileType = undefined; fileEncoding = 9; includeInIndex = 0; lastKnownFileType = unknown; name = "PTSerif-Regular.ttf"; path = "../src/assets/fonts/PTSerif-Regular.ttf"; sourceTree = "<group>"; };
		60C97B4B4228B3B61B857C7D /* Pods-Receipt.release.xcconfig */ = {isa = PBXFileReference; includeInIndex = 1; lastKnownFileType = text.xcconfig; name = "Pods-Receipt.release.xcconfig"; path = "Target Support Files/Pods-Receipt/Pods-Receipt.release.xcconfig"; sourceTree = "<group>"; };
		6BAE053387C14281B05FF244 /* OpenSans-SemiBold.ttf */ = {isa = PBXFileReference; explicitFileType = undefined; fileEncoding = 9; includeInIndex = 0; lastKnownFileType = unknown; name = "OpenSans-SemiBold.ttf"; path = "../src/assets/fonts/OpenSans-SemiBold.ttf"; sourceTree = "<group>"; };
		73F1783A548C017A8F5E6C0A /* Pods-Receipt-ReceiptTests.release.xcconfig */ = {isa = PBXFileReference; includeInIndex = 1; lastKnownFileType = text.xcconfig; name = "Pods-Receipt-ReceiptTests.release.xcconfig"; path = "Target Support Files/Pods-Receipt-ReceiptTests/Pods-Receipt-ReceiptTests.release.xcconfig"; sourceTree = "<group>"; };
		81AB9BB72411601600AC10FF /* LaunchScreen.storyboard */ = {isa = PBXFileReference; fileEncoding = 4; lastKnownFileType = file.storyboard; name = LaunchScreen.storyboard; path = Receipt/LaunchScreen.storyboard; sourceTree = "<group>"; };
		9DB75668FCE348CA800D4E8F /* OpenSans_Condensed-Regular.ttf */ = {isa = PBXFileReference; explicitFileType = undefined; fileEncoding = 9; includeInIndex = 0; lastKnownFileType = unknown; name = "OpenSans_Condensed-Regular.ttf"; path = "../src/assets/fonts/OpenSans_Condensed-Regular.ttf"; sourceTree = "<group>"; };
		A4080A464F134A8D9263759C /* OpenSans-Medium.ttf */ = {isa = PBXFileReference; explicitFileType = undefined; fileEncoding = 9; includeInIndex = 0; lastKnownFileType = unknown; name = "OpenSans-Medium.ttf"; path = "../src/assets/fonts/OpenSans-Medium.ttf"; sourceTree = "<group>"; };
		A7820408B7504A67B58A185E /* PTSerif-Bold.ttf */ = {isa = PBXFileReference; explicitFileType = undefined; fileEncoding = 9; includeInIndex = 0; lastKnownFileType = unknown; name = "PTSerif-Bold.ttf"; path = "../src/assets/fonts/PTSerif-Bold.ttf"; sourceTree = "<group>"; };
		BA459800A52BD4603C4E0CBD /* PrivacyInfo.xcprivacy */ = {isa = PBXFileReference; includeInIndex = 1; lastKnownFileType = text.xml; name = PrivacyInfo.xcprivacy; path = Receipt/PrivacyInfo.xcprivacy; sourceTree = "<group>"; };
		C81A05B83DD14D0AA38B2DE6 /* OpenSans_SemiCondensed-Light.ttf */ = {isa = PBXFileReference; explicitFileType = undefined; fileEncoding = 9; includeInIndex = 0; lastKnownFileType = unknown; name = "OpenSans_SemiCondensed-Light.ttf"; path = "../src/assets/fonts/OpenSans_SemiCondensed-Light.ttf"; sourceTree = "<group>"; };
		C97E9DF941D44DB28F633D73 /* OpenSans_Condensed-ExtraBold.ttf */ = {isa = PBXFileReference; explicitFileType = undefined; fileEncoding = 9; includeInIndex = 0; lastKnownFileType = unknown; name = "OpenSans_Condensed-ExtraBold.ttf"; path = "../src/assets/fonts/OpenSans_Condensed-ExtraBold.ttf"; sourceTree = "<group>"; };
		C9D4548745ED4AED93782F7C /* OpenSans-Bold.ttf */ = {isa = PBXFileReference; explicitFileType = undefined; fileEncoding = 9; includeInIndex = 0; lastKnownFileType = unknown; name = "OpenSans-Bold.ttf"; path = "../src/assets/fonts/OpenSans-Bold.ttf"; sourceTree = "<group>"; };
		CA76D2219E44425FA6944273 /* OpenSans_Condensed-Medium.ttf */ = {isa = PBXFileReference; explicitFileType = undefined; fileEncoding = 9; includeInIndex = 0; lastKnownFileType = unknown; name = "OpenSans_Condensed-Medium.ttf"; path = "../src/assets/fonts/OpenSans_Condensed-Medium.ttf"; sourceTree = "<group>"; };
		CECC8DD2135441B684B60127 /* OpenSans-ExtraBold.ttf */ = {isa = PBXFileReference; explicitFileType = undefined; fileEncoding = 9; includeInIndex = 0; lastKnownFileType = unknown; name = "OpenSans-ExtraBold.ttf"; path = "../src/assets/fonts/OpenSans-ExtraBold.ttf"; sourceTree = "<group>"; };
		D215F673A63EC3593C1A3E36 /* libPods-Receipt-ReceiptTests.a */ = {isa = PBXFileReference; explicitFileType = archive.ar; includeInIndex = 0; path = "libPods-Receipt-ReceiptTests.a"; sourceTree = BUILT_PRODUCTS_DIR; };
		E672ED0A808449328C8C9A34 /* OpenSans-Light.ttf */ = {isa = PBXFileReference; explicitFileType = undefined; fileEncoding = 9; includeInIndex = 0; lastKnownFileType = unknown; name = "OpenSans-Light.ttf"; path = "../src/assets/fonts/OpenSans-Light.ttf"; sourceTree = "<group>"; };
		E7E3CD2EDC9146AAA1BD094D /* OpenSans-Regular.ttf */ = {isa = PBXFileReference; explicitFileType = undefined; fileEncoding = 9; includeInIndex = 0; lastKnownFileType = unknown; name = "OpenSans-Regular.ttf"; path = "../src/assets/fonts/OpenSans-Regular.ttf"; sourceTree = "<group>"; };
		E866919A7BCC43E789161AFF /* OpenSans_SemiCondensed-Bold.ttf */ = {isa = PBXFileReference; explicitFileType = undefined; fileEncoding = 9; includeInIndex = 0; lastKnownFileType = unknown; name = "OpenSans_SemiCondensed-Bold.ttf"; path = "../src/assets/fonts/OpenSans_SemiCondensed-Bold.ttf"; sourceTree = "<group>"; };
		ED297162215061F000B7C4FE /* JavaScriptCore.framework */ = {isa = PBXFileReference; lastKnownFileType = wrapper.framework; name = JavaScriptCore.framework; path = System/Library/Frameworks/JavaScriptCore.framework; sourceTree = SDKROOT; };
		FB1789E7934E4005B039645A /* OpenSans_Condensed-Bold.ttf */ = {isa = PBXFileReference; explicitFileType = undefined; fileEncoding = 9; includeInIndex = 0; lastKnownFileType = unknown; name = "OpenSans_Condensed-Bold.ttf"; path = "../src/assets/fonts/OpenSans_Condensed-Bold.ttf"; sourceTree = "<group>"; };
/* End PBXFileReference section */

/* Begin PBXFrameworksBuildPhase section */
		00E356EB1AD99517003FC87E /* Frameworks */ = {
			isa = PBXFrameworksBuildPhase;
			buildActionMask = 2147483647;
			files = (
				472B144D32357088ED016627 /* libPods-Receipt-ReceiptTests.a in Frameworks */,
			);
			runOnlyForDeploymentPostprocessing = 0;
		};
		13B07F8C1A680F5B00A75B9A /* Frameworks */ = {
			isa = PBXFrameworksBuildPhase;
			buildActionMask = 2147483647;
			files = (
				4E29F5C22C87B10E00CB4910 /* libDoubleConversion.a in Frameworks */,
				76F60824B85D0D9BE06B52DD /* libPods-Receipt.a in Frameworks */,
			);
			runOnlyForDeploymentPostprocessing = 0;
		};
/* End PBXFrameworksBuildPhase section */

/* Begin PBXGroup section */
		00E356EF1AD99517003FC87E /* ReceiptTests */ = {
			isa = PBXGroup;
			children = (
				00E356F21AD99517003FC87E /* ReceiptTests.m */,
				00E356F01AD99517003FC87E /* Supporting Files */,
			);
			path = ReceiptTests;
			sourceTree = "<group>";
		};
		00E356F01AD99517003FC87E /* Supporting Files */ = {
			isa = PBXGroup;
			children = (
				00E356F11AD99517003FC87E /* Info.plist */,
			);
			name = "Supporting Files";
			sourceTree = "<group>";
		};
		13B07FAE1A68108700A75B9A /* Receipt */ = {
			isa = PBXGroup;
			children = (
				13B07FAF1A68108700A75B9A /* AppDelegate.h */,
				13B07FB01A68108700A75B9A /* AppDelegate.mm */,
				13B07FB51A68108700A75B9A /* Images.xcassets */,
				13B07FB61A68108700A75B9A /* Info.plist */,
				81AB9BB72411601600AC10FF /* LaunchScreen.storyboard */,
				13B07FB71A68108700A75B9A /* main.m */,
				13B07FB81A68108700A75B9A /* PrivacyInfo.xcprivacy */,
				BA459800A52BD4603C4E0CBD /* PrivacyInfo.xcprivacy */,
			);
			name = Receipt;
			sourceTree = "<group>";
		};
		2D16E6871FA4F8E400B85C8A /* Frameworks */ = {
			isa = PBXGroup;
			children = (
				4E29F5C12C87B10E00CB4910 /* libDoubleConversion.a */,
				4E29F5C02C87B0B000CB4910 /* DoubleConversion */,
				4E08BE6A2C87AEB800779642 /* double-conversion.h */,
				4E8EB08B2C09034600B24087 /* libReact-hermes.a */,
				4E8EB0892C09032D00B24087 /* hermes.xcframework */,
				ED297162215061F000B7C4FE /* JavaScriptCore.framework */,
				40CA155439CB3DDA597F49DF /* libPods-Receipt.a */,
				D215F673A63EC3593C1A3E36 /* libPods-Receipt-ReceiptTests.a */,
			);
			name = Frameworks;
			sourceTree = "<group>";
		};
		4E29F5BD2C87B0B000CB4910 /* double-conversion */ = {
			isa = PBXGroup;
			children = (
				4E29F5AB2C87B0B000CB4910 /* bignum-dtoa.cc */,
				4E29F5AC2C87B0B000CB4910 /* bignum-dtoa.h */,
				4E29F5AD2C87B0B000CB4910 /* bignum.cc */,
				4E29F5AE2C87B0B000CB4910 /* bignum.h */,
				4E29F5AF2C87B0B000CB4910 /* cached-powers.cc */,
				4E29F5B02C87B0B000CB4910 /* cached-powers.h */,
				4E29F5B12C87B0B000CB4910 /* diy-fp.cc */,
				4E29F5B22C87B0B000CB4910 /* diy-fp.h */,
				4E29F5B32C87B0B000CB4910 /* double-conversion.cc */,
				4E29F5B42C87B0B000CB4910 /* double-conversion.h */,
				4E29F5B52C87B0B000CB4910 /* fast-dtoa.cc */,
				4E29F5B62C87B0B000CB4910 /* fast-dtoa.h */,
				4E29F5B72C87B0B000CB4910 /* fixed-dtoa.cc */,
				4E29F5B82C87B0B000CB4910 /* fixed-dtoa.h */,
				4E29F5B92C87B0B000CB4910 /* ieee.h */,
				4E29F5BA2C87B0B000CB4910 /* strtod.cc */,
				4E29F5BB2C87B0B000CB4910 /* strtod.h */,
				4E29F5BC2C87B0B000CB4910 /* utils.h */,
			);
			path = "double-conversion";
			sourceTree = "<group>";
		};
		4E29F5C02C87B0B000CB4910 /* DoubleConversion */ = {
			isa = PBXGroup;
			children = (
				4E29F5BD2C87B0B000CB4910 /* double-conversion */,
				4E29F5BE2C87B0B000CB4910 /* LICENSE */,
				4E29F5BF2C87B0B000CB4910 /* README */,
			);
			name = DoubleConversion;
			path = Pods/DoubleConversion;
			sourceTree = "<group>";
		};
		4E8EB0862C08FF3C00B24087 /* Fonts */ = {
			isa = PBXGroup;
			children = (
			);
			path = Fonts;
			sourceTree = "<group>";
		};
		66A0E8D9A9E44B9B968B50AF /* Resources */ = {
			isa = PBXGroup;
			children = (
				C9D4548745ED4AED93782F7C /* OpenSans-Bold.ttf */,
				CECC8DD2135441B684B60127 /* OpenSans-ExtraBold.ttf */,
				E672ED0A808449328C8C9A34 /* OpenSans-Light.ttf */,
				A4080A464F134A8D9263759C /* OpenSans-Medium.ttf */,
				E7E3CD2EDC9146AAA1BD094D /* OpenSans-Regular.ttf */,
				6BAE053387C14281B05FF244 /* OpenSans-SemiBold.ttf */,
				FB1789E7934E4005B039645A /* OpenSans_Condensed-Bold.ttf */,
				C97E9DF941D44DB28F633D73 /* OpenSans_Condensed-ExtraBold.ttf */,
				2AC37323AB8F4571AF261AD8 /* OpenSans_Condensed-Light.ttf */,
				CA76D2219E44425FA6944273 /* OpenSans_Condensed-Medium.ttf */,
				9DB75668FCE348CA800D4E8F /* OpenSans_Condensed-Regular.ttf */,
				05936F93A42E4F838E3BC6F6 /* OpenSans_Condensed-SemiBold.ttf */,
				E866919A7BCC43E789161AFF /* OpenSans_SemiCondensed-Bold.ttf */,
				5822346D8DEB46B0B8F35660 /* OpenSans_SemiCondensed-ExtraBoldItalic.ttf */,
				C81A05B83DD14D0AA38B2DE6 /* OpenSans_SemiCondensed-Light.ttf */,
				3DF8300130044C58853E239C /* OpenSans_SemiCondensed-Medium.ttf */,
				13B4E210B3AB4442AEB94AD7 /* OpenSans_SemiCondensed-Regular.ttf */,
				363CE19E0F59487796B000D4 /* OpenSans_SemiCondensed-SemiBold.ttf */,
				A7820408B7504A67B58A185E /* PTSerif-Bold.ttf */,
				586AD93C8F544B1486B58220 /* PTSerif-Regular.ttf */,
				0E01DDEB1F06446FBA3F30CF /* PTSerif-Italic.ttf */,
			);
			name = Resources;
			sourceTree = "<group>";
		};
		832341AE1AAA6A7D00B99B32 /* Libraries */ = {
			isa = PBXGroup;
			children = (
			);
			name = Libraries;
			sourceTree = "<group>";
		};
		83CBB9F61A601CBA00E9B192 = {
			isa = PBXGroup;
			children = (
				4E8EB0862C08FF3C00B24087 /* Fonts */,
				13B07FAE1A68108700A75B9A /* Receipt */,
				832341AE1AAA6A7D00B99B32 /* Libraries */,
				00E356EF1AD99517003FC87E /* ReceiptTests */,
				83CBBA001A601CBA00E9B192 /* Products */,
				2D16E6871FA4F8E400B85C8A /* Frameworks */,
				BBD78D7AC51CEA395F1C20DB /* Pods */,
				66A0E8D9A9E44B9B968B50AF /* Resources */,
			);
			indentWidth = 2;
			sourceTree = "<group>";
			tabWidth = 2;
			usesTabs = 0;
		};
		83CBBA001A601CBA00E9B192 /* Products */ = {
			isa = PBXGroup;
			children = (
				13B07F961A680F5B00A75B9A /* LifebalancePlus.app */,
				00E356EE1AD99517003FC87E /* ReceiptTests.xctest */,
			);
			name = Products;
			sourceTree = "<group>";
		};
		BBD78D7AC51CEA395F1C20DB /* Pods */ = {
			isa = PBXGroup;
			children = (
				0669317D16CC1A165C8A4E43 /* Pods-Receipt.debug.xcconfig */,
				60C97B4B4228B3B61B857C7D /* Pods-Receipt.release.xcconfig */,
				07838EA6C5E9150353AF635F /* Pods-Receipt-ReceiptTests.debug.xcconfig */,
				73F1783A548C017A8F5E6C0A /* Pods-Receipt-ReceiptTests.release.xcconfig */,
			);
			path = Pods;
			sourceTree = "<group>";
		};
/* End PBXGroup section */

/* Begin PBXNativeTarget section */
		00E356ED1AD99517003FC87E /* ReceiptTests */ = {
			isa = PBXNativeTarget;
			buildConfigurationList = 00E357021AD99517003FC87E /* Build configuration list for PBXNativeTarget "ReceiptTests" */;
			buildPhases = (
				45A4F42FB66EF088C585AEF1 /* [CP] Check Pods Manifest.lock */,
				00E356EA1AD99517003FC87E /* Sources */,
				00E356EB1AD99517003FC87E /* Frameworks */,
				00E356EC1AD99517003FC87E /* Resources */,
				0B337DDFC7447E1B0E8D1C9E /* [CP] Copy Pods Resources */,
			);
			buildRules = (
			);
			dependencies = (
				00E356F51AD99517003FC87E /* PBXTargetDependency */,
			);
			name = ReceiptTests;
			productName = ReceiptTests;
			productReference = 00E356EE1AD99517003FC87E /* ReceiptTests.xctest */;
			productType = "com.apple.product-type.bundle.unit-test";
		};
		13B07F861A680F5B00A75B9A /* Receipt */ = {
			isa = PBXNativeTarget;
			buildConfigurationList = 13B07F931A680F5B00A75B9A /* Build configuration list for PBXNativeTarget "Receipt" */;
			buildPhases = (
				744DF48F5F8BD4B9A475F494 /* [CP] Check Pods Manifest.lock */,
				13B07F871A680F5B00A75B9A /* Sources */,
				13B07F8C1A680F5B00A75B9A /* Frameworks */,
				13B07F8E1A680F5B00A75B9A /* Resources */,
				00DD1BFF1BD5951E006B06BC /* Bundle React Native code and images */,
				D06FB598C408BA959AF3EC5E /* [CP] Copy Pods Resources */,
			);
			buildRules = (
			);
			dependencies = (
			);
			name = Receipt;
			productName = Receipt;
			productReference = 13B07F961A680F5B00A75B9A /* LifebalancePlus.app */;
			productType = "com.apple.product-type.application";
		};
/* End PBXNativeTarget section */

/* Begin PBXProject section */
		83CBB9F71A601CBA00E9B192 /* Project object */ = {
			isa = PBXProject;
			attributes = {
				BuildIndependentTargetsInParallel = YES;
				LastUpgradeCheck = 1540;
				TargetAttributes = {
					00E356ED1AD99517003FC87E = {
						CreatedOnToolsVersion = 6.2;
						TestTargetID = 13B07F861A680F5B00A75B9A;
					};
					13B07F861A680F5B00A75B9A = {
						LastSwiftMigration = 1120;
					};
				};
			};
			buildConfigurationList = 83CBB9FA1A601CBA00E9B192 /* Build configuration list for PBXProject "Receipt" */;
			compatibilityVersion = "Xcode 12.0";
			developmentRegion = en;
			hasScannedForEncodings = 0;
			knownRegions = (
				en,
				Base,
			);
			mainGroup = 83CBB9F61A601CBA00E9B192;
			productRefGroup = 83CBBA001A601CBA00E9B192 /* Products */;
			projectDirPath = "";
			projectRoot = "";
			targets = (
				13B07F861A680F5B00A75B9A /* Receipt */,
				00E356ED1AD99517003FC87E /* ReceiptTests */,
			);
		};
/* End PBXProject section */

/* Begin PBXResourcesBuildPhase section */
		00E356EC1AD99517003FC87E /* Resources */ = {
			isa = PBXResourcesBuildPhase;
			buildActionMask = 2147483647;
			files = (
			);
			runOnlyForDeploymentPostprocessing = 0;
		};
		13B07F8E1A680F5B00A75B9A /* Resources */ = {
			isa = PBXResourcesBuildPhase;
			buildActionMask = 2147483647;
			files = (
				81AB9BB82411601600AC10FF /* LaunchScreen.storyboard in Resources */,
				13B07FBF1A68108700A75B9A /* Images.xcassets in Resources */,
				CA54000018A35A5235BF8260 /* PrivacyInfo.xcprivacy in Resources */,
				D08A2AE9AB8346B4A3B75829 /* OpenSans-Bold.ttf in Resources */,
				6D83089751B548E89E131FCE /* OpenSans-ExtraBold.ttf in Resources */,
				8616C27F5EEB4FA2ACEC45B9 /* OpenSans-Light.ttf in Resources */,
				B3D78937D5674CB0B53688E2 /* OpenSans-Medium.ttf in Resources */,
				B0C0B7BC9CB243FC96AA6405 /* OpenSans-Regular.ttf in Resources */,
				E024571ED43A4062B10305FD /* OpenSans-SemiBold.ttf in Resources */,
				0F9FEEFE53B54FF9A8FEF8B9 /* OpenSans_Condensed-Bold.ttf in Resources */,
				589241EC7F744116A217985E /* OpenSans_Condensed-ExtraBold.ttf in Resources */,
				ACCE37E4D3954119BEF0AEFC /* OpenSans_Condensed-Light.ttf in Resources */,
				D287958E01754981A3544768 /* OpenSans_Condensed-Medium.ttf in Resources */,
				DF9B55B0CDFE4DBFB85CEAE7 /* OpenSans_Condensed-Regular.ttf in Resources */,
				1F3876DD453D4720B3E34154 /* OpenSans_Condensed-SemiBold.ttf in Resources */,
				FF6E9ACD4AA948F895E28662 /* OpenSans_SemiCondensed-Bold.ttf in Resources */,
				83969EC631D24838A27DDFA3 /* OpenSans_SemiCondensed-ExtraBoldItalic.ttf in Resources */,
				3A72DC26DEF749FABA2184E8 /* OpenSans_SemiCondensed-Light.ttf in Resources */,
				DE4F1F4689594B0F8DA4AB92 /* OpenSans_SemiCondensed-Medium.ttf in Resources */,
				AA201486996E4FFAB99ABCC7 /* OpenSans_SemiCondensed-Regular.ttf in Resources */,
				922C1E7A060F4C18A2C25508 /* OpenSans_SemiCondensed-SemiBold.ttf in Resources */,
				42E3A42BF5C74D249EB539B5 /* PTSerif-Bold.ttf in Resources */,
				CB2BE83C4E6D435EBC174D96 /* PTSerif-Regular.ttf in Resources */,
				F8719D10FBF24435AB087133 /* PTSerif-Italic.ttf in Resources */,
			);
			runOnlyForDeploymentPostprocessing = 0;
		};
/* End PBXResourcesBuildPhase section */

/* Begin PBXShellScriptBuildPhase section */
		00DD1BFF1BD5951E006B06BC /* Bundle React Native code and images */ = {
			isa = PBXShellScriptBuildPhase;
			buildActionMask = 2147483647;
			files = (
			);
			inputPaths = (
				"$(SRCROOT)/.xcode.env.local",
				"$(SRCROOT)/.xcode.env",
			);
			name = "Bundle React Native code and images";
			outputPaths = (
			);
			runOnlyForDeploymentPostprocessing = 0;
			shellPath = /bin/sh;
			shellScript = "set -e\n\nWITH_ENVIRONMENT=\"$REACT_NATIVE_PATH/scripts/xcode/with-environment.sh\"\nREACT_NATIVE_XCODE=\"$REACT_NATIVE_PATH/scripts/react-native-xcode.sh\"\n\n/bin/sh -c \"$WITH_ENVIRONMENT $REACT_NATIVE_XCODE\"\n";
		};
		0B337DDFC7447E1B0E8D1C9E /* [CP] Copy Pods Resources */ = {
			isa = PBXShellScriptBuildPhase;
			buildActionMask = 2147483647;
			files = (
			);
			inputFileListPaths = (
				"${PODS_ROOT}/Target Support Files/Pods-Receipt-ReceiptTests/Pods-Receipt-ReceiptTests-resources-${CONFIGURATION}-input-files.xcfilelist",
			);
			name = "[CP] Copy Pods Resources";
			outputFileListPaths = (
				"${PODS_ROOT}/Target Support Files/Pods-Receipt-ReceiptTests/Pods-Receipt-ReceiptTests-resources-${CONFIGURATION}-output-files.xcfilelist",
			);
			runOnlyForDeploymentPostprocessing = 0;
			shellPath = /bin/sh;
			shellScript = "\"${PODS_ROOT}/Target Support Files/Pods-Receipt-ReceiptTests/Pods-Receipt-ReceiptTests-resources.sh\"\n";
			showEnvVarsInLog = 0;
		};
		45A4F42FB66EF088C585AEF1 /* [CP] Check Pods Manifest.lock */ = {
			isa = PBXShellScriptBuildPhase;
			buildActionMask = 2147483647;
			files = (
			);
			inputFileListPaths = (
			);
			inputPaths = (
				"${PODS_PODFILE_DIR_PATH}/Podfile.lock",
				"${PODS_ROOT}/Manifest.lock",
			);
			name = "[CP] Check Pods Manifest.lock";
			outputFileListPaths = (
			);
			outputPaths = (
				"$(DERIVED_FILE_DIR)/Pods-Receipt-ReceiptTests-checkManifestLockResult.txt",
			);
			runOnlyForDeploymentPostprocessing = 0;
			shellPath = /bin/sh;
			shellScript = "diff \"${PODS_PODFILE_DIR_PATH}/Podfile.lock\" \"${PODS_ROOT}/Manifest.lock\" > /dev/null\nif [ $? != 0 ] ; then\n    # print error to STDERR\n    echo \"error: The sandbox is not in sync with the Podfile.lock. Run 'pod install' or update your CocoaPods installation.\" >&2\n    exit 1\nfi\n# This output is used by Xcode 'outputs' to avoid re-running this script phase.\necho \"SUCCESS\" > \"${SCRIPT_OUTPUT_FILE_0}\"\n";
			showEnvVarsInLog = 0;
		};
		744DF48F5F8BD4B9A475F494 /* [CP] Check Pods Manifest.lock */ = {
			isa = PBXShellScriptBuildPhase;
			buildActionMask = 2147483647;
			files = (
			);
			inputFileListPaths = (
			);
			inputPaths = (
				"${PODS_PODFILE_DIR_PATH}/Podfile.lock",
				"${PODS_ROOT}/Manifest.lock",
			);
			name = "[CP] Check Pods Manifest.lock";
			outputFileListPaths = (
			);
			outputPaths = (
				"$(DERIVED_FILE_DIR)/Pods-Receipt-checkManifestLockResult.txt",
			);
			runOnlyForDeploymentPostprocessing = 0;
			shellPath = /bin/sh;
			shellScript = "diff \"${PODS_PODFILE_DIR_PATH}/Podfile.lock\" \"${PODS_ROOT}/Manifest.lock\" > /dev/null\nif [ $? != 0 ] ; then\n    # print error to STDERR\n    echo \"error: The sandbox is not in sync with the Podfile.lock. Run 'pod install' or update your CocoaPods installation.\" >&2\n    exit 1\nfi\n# This output is used by Xcode 'outputs' to avoid re-running this script phase.\necho \"SUCCESS\" > \"${SCRIPT_OUTPUT_FILE_0}\"\n";
			showEnvVarsInLog = 0;
		};
		D06FB598C408BA959AF3EC5E /* [CP] Copy Pods Resources */ = {
			isa = PBXShellScriptBuildPhase;
			buildActionMask = 2147483647;
			files = (
			);
			inputFileListPaths = (
				"${PODS_ROOT}/Target Support Files/Pods-Receipt/Pods-Receipt-resources-${CONFIGURATION}-input-files.xcfilelist",
			);
			name = "[CP] Copy Pods Resources";
			outputFileListPaths = (
				"${PODS_ROOT}/Target Support Files/Pods-Receipt/Pods-Receipt-resources-${CONFIGURATION}-output-files.xcfilelist",
			);
			runOnlyForDeploymentPostprocessing = 0;
			shellPath = /bin/sh;
			shellScript = "\"${PODS_ROOT}/Target Support Files/Pods-Receipt/Pods-Receipt-resources.sh\"\n";
			showEnvVarsInLog = 0;
		};
/* End PBXShellScriptBuildPhase section */

/* Begin PBXSourcesBuildPhase section */
		00E356EA1AD99517003FC87E /* Sources */ = {
			isa = PBXSourcesBuildPhase;
			buildActionMask = 2147483647;
			files = (
				00E356F31AD99517003FC87E /* ReceiptTests.m in Sources */,
			);
			runOnlyForDeploymentPostprocessing = 0;
		};
		13B07F871A680F5B00A75B9A /* Sources */ = {
			isa = PBXSourcesBuildPhase;
			buildActionMask = 2147483647;
			files = (
				13B07FBC1A68108700A75B9A /* AppDelegate.mm in Sources */,
				13B07FC11A68108700A75B9A /* main.m in Sources */,
			);
			runOnlyForDeploymentPostprocessing = 0;
		};
/* End PBXSourcesBuildPhase section */

/* Begin PBXTargetDependency section */
		00E356F51AD99517003FC87E /* PBXTargetDependency */ = {
			isa = PBXTargetDependency;
			target = 13B07F861A680F5B00A75B9A /* Receipt */;
			targetProxy = 00E356F41AD99517003FC87E /* PBXContainerItemProxy */;
		};
/* End PBXTargetDependency section */

/* Begin XCBuildConfiguration section */
		00E356F61AD99517003FC87E /* Debug */ = {
			isa = XCBuildConfiguration;
			baseConfigurationReference = 07838EA6C5E9150353AF635F /* Pods-Receipt-ReceiptTests.debug.xcconfig */;
			buildSettings = {
				BUNDLE_LOADER = "$(TEST_HOST)";
				GCC_PREPROCESSOR_DEFINITIONS = (
					"DEBUG=1",
					"$(inherited)",
				);
				INFOPLIST_FILE = ReceiptTests/Info.plist;
				IPHONEOS_DEPLOYMENT_TARGET = 13.4;
				LD_RUNPATH_SEARCH_PATHS = (
					"$(inherited)",
					"@executable_path/Frameworks",
					"@loader_path/Frameworks",
				);
				OTHER_LDFLAGS = (
					"-ObjC",
					"-lc++",
					"$(inherited)",
				);
				PRODUCT_BUNDLE_IDENTIFIER = "org.reactjs.native.example.$(PRODUCT_NAME:rfc1034identifier)";
				PRODUCT_NAME = "$(TARGET_NAME)";
				TEST_HOST = "$(BUILT_PRODUCTS_DIR)/Receipt.app/Receipt";
			};
			name = Debug;
		};
		00E356F71AD99517003FC87E /* Release */ = {
			isa = XCBuildConfiguration;
			baseConfigurationReference = 73F1783A548C017A8F5E6C0A /* Pods-Receipt-ReceiptTests.release.xcconfig */;
			buildSettings = {
				BUNDLE_LOADER = "$(TEST_HOST)";
				COPY_PHASE_STRIP = NO;
				INFOPLIST_FILE = ReceiptTests/Info.plist;
				IPHONEOS_DEPLOYMENT_TARGET = 13.4;
				LD_RUNPATH_SEARCH_PATHS = (
					"$(inherited)",
					"@executable_path/Frameworks",
					"@loader_path/Frameworks",
				);
				OTHER_LDFLAGS = (
					"-ObjC",
					"-lc++",
					"$(inherited)",
				);
				PRODUCT_BUNDLE_IDENTIFIER = "org.reactjs.native.example.$(PRODUCT_NAME:rfc1034identifier)";
				PRODUCT_NAME = "$(TARGET_NAME)";
				TEST_HOST = "$(BUILT_PRODUCTS_DIR)/Receipt.app/Receipt";
			};
			name = Release;
		};
		13B07F941A680F5B00A75B9A /* Debug */ = {
			isa = XCBuildConfiguration;
			baseConfigurationReference = 0669317D16CC1A165C8A4E43 /* Pods-Receipt.debug.xcconfig */;
			buildSettings = {
				ASSETCATALOG_COMPILER_APPICON_NAME = AppIcon;
				CLANG_ENABLE_MODULES = YES;
				CODE_SIGN_IDENTITY = "Apple Development";
				"CODE_SIGN_IDENTITY[sdk=iphoneos*]" = "iPhone Distribution";
				CODE_SIGN_STYLE = Manual;
				CURRENT_PROJECT_VERSION = 5;
				DEVELOPMENT_TEAM = "";
				"DEVELOPMENT_TEAM[sdk=iphoneos*]" = WXNK365Q77;
				ENABLE_BITCODE = NO;
				INFOPLIST_FILE = Receipt/Info.plist;
				INFOPLIST_KEY_CFBundleDisplayName = "Lifebalance Plus";
				LD_RUNPATH_SEARCH_PATHS = (
					"$(inherited)",
					"@executable_path/Frameworks",
				);
				MARKETING_VERSION = 1.0;
				OTHER_LDFLAGS = (
					"$(inherited)",
					"-ObjC",
					"-lc++",
				);
				PRODUCT_BUNDLE_IDENTIFIER = de.lifebalanceplus.app;
				PRODUCT_NAME = LifebalancePlus;
				PROVISIONING_PROFILE_SPECIFIER = "";
				"PROVISIONING_PROFILE_SPECIFIER[sdk=iphoneos*]" = "lifebalanceplus Appstore";
				SWIFT_OPTIMIZATION_LEVEL = "-Onone";
				SWIFT_VERSION = 5.0;
				VERSIONING_SYSTEM = "apple-generic";
			};
			name = Debug;
		};
		13B07F951A680F5B00A75B9A /* Release */ = {
			isa = XCBuildConfiguration;
			baseConfigurationReference = 60C97B4B4228B3B61B857C7D /* Pods-Receipt.release.xcconfig */;
			buildSettings = {
				ASSETCATALOG_COMPILER_APPICON_NAME = AppIcon;
				CLANG_ENABLE_MODULES = YES;
				CODE_SIGN_IDENTITY = "Apple Development";
				"CODE_SIGN_IDENTITY[sdk=iphoneos*]" = "iPhone Distribution";
				CODE_SIGN_STYLE = Manual;
				CURRENT_PROJECT_VERSION = 5;
				DEVELOPMENT_TEAM = "";
				"DEVELOPMENT_TEAM[sdk=iphoneos*]" = WXNK365Q77;
				INFOPLIST_FILE = Receipt/Info.plist;
				INFOPLIST_KEY_CFBundleDisplayName = "Lifebalance Plus";
				LD_RUNPATH_SEARCH_PATHS = (
					"$(inherited)",
					"@executable_path/Frameworks",
				);
				MARKETING_VERSION = 1.0;
				OTHER_LDFLAGS = (
					"$(inherited)",
					"-ObjC",
					"-lc++",
				);
				PRODUCT_BUNDLE_IDENTIFIER = de.lifebalanceplus.app;
				PRODUCT_NAME = LifebalancePlus;
				PROVISIONING_PROFILE_SPECIFIER = "";
				"PROVISIONING_PROFILE_SPECIFIER[sdk=iphoneos*]" = "lifebalanceplus Appstore";
				SWIFT_VERSION = 5.0;
				VERSIONING_SYSTEM = "apple-generic";
			};
			name = Release;
		};
		83CBBA201A601CBA00E9B192 /* Debug */ = {
			isa = XCBuildConfiguration;
			buildSettings = {
				ALWAYS_SEARCH_USER_PATHS = NO;
				CC = "";
				CLANG_ANALYZER_LOCALIZABILITY_NONLOCALIZED = YES;
				CLANG_CXX_LANGUAGE_STANDARD = "c++20";
				CLANG_CXX_LIBRARY = "libc++";
				CLANG_ENABLE_MODULES = YES;
				CLANG_ENABLE_OBJC_ARC = YES;
				CLANG_WARN_BLOCK_CAPTURE_AUTORELEASING = YES;
				CLANG_WARN_BOOL_CONVERSION = YES;
				CLANG_WARN_COMMA = YES;
				CLANG_WARN_CONSTANT_CONVERSION = YES;
				CLANG_WARN_DEPRECATED_OBJC_IMPLEMENTATIONS = YES;
				CLANG_WARN_DIRECT_OBJC_ISA_USAGE = YES_ERROR;
				CLANG_WARN_EMPTY_BODY = YES;
				CLANG_WARN_ENUM_CONVERSION = YES;
				CLANG_WARN_INFINITE_RECURSION = YES;
				CLANG_WARN_INT_CONVERSION = YES;
				CLANG_WARN_NON_LITERAL_NULL_CONVERSION = YES;
				CLANG_WARN_OBJC_IMPLICIT_RETAIN_SELF = YES;
				CLANG_WARN_OBJC_LITERAL_CONVERSION = YES;
				CLANG_WARN_OBJC_ROOT_CLASS = YES_ERROR;
				CLANG_WARN_QUOTED_INCLUDE_IN_FRAMEWORK_HEADER = YES;
				CLANG_WARN_RANGE_LOOP_ANALYSIS = YES;
				CLANG_WARN_STRICT_PROTOTYPES = YES;
				CLANG_WARN_SUSPICIOUS_MOVE = YES;
				CLANG_WARN_UNREACHABLE_CODE = YES;
				CLANG_WARN__DUPLICATE_METHOD_MATCH = YES;
				"CODE_SIGN_IDENTITY[sdk=iphoneos*]" = "iPhone Developer";
				COPY_PHASE_STRIP = NO;
				CXX = "";
				ENABLE_STRICT_OBJC_MSGSEND = YES;
				ENABLE_TESTABILITY = YES;
				"EXCLUDED_ARCHS[sdk=iphonesimulator*]" = "";
				GCC_C_LANGUAGE_STANDARD = gnu99;
				GCC_DYNAMIC_NO_PIC = NO;
				GCC_NO_COMMON_BLOCKS = YES;
				GCC_OPTIMIZATION_LEVEL = 0;
				GCC_PREPROCESSOR_DEFINITIONS = (
					"DEBUG=1",
					"$(inherited)",
				);
				GCC_SYMBOLS_PRIVATE_EXTERN = NO;
				GCC_WARN_64_TO_32_BIT_CONVERSION = YES;
				GCC_WARN_ABOUT_RETURN_TYPE = YES_ERROR;
				GCC_WARN_UNDECLARED_SELECTOR = YES;
				GCC_WARN_UNINITIALIZED_AUTOS = YES_AGGRESSIVE;
				GCC_WARN_UNUSED_FUNCTION = YES;
				GCC_WARN_UNUSED_VARIABLE = YES;
				IPHONEOS_DEPLOYMENT_TARGET = 13.4;
				LD = "";
				LDPLUSPLUS = "";
				LD_RUNPATH_SEARCH_PATHS = (
					/usr/lib/swift,
					"$(inherited)",
				);
				LIBRARY_SEARCH_PATHS = (
					"\"$(SDKROOT)/usr/lib/swift\"",
					"\"$(TOOLCHAIN_DIR)/usr/lib/swift/$(PLATFORM_NAME)\"",
					"\"$(inherited)\"",
				);
				MTL_ENABLE_DEBUG_INFO = YES;
				ONLY_ACTIVE_ARCH = YES;
				OTHER_CPLUSPLUSFLAGS = (
					"$(OTHER_CFLAGS)",
					"-DFOLLY_NO_CONFIG",
					"-DFOLLY_MOBILE=1",
					"-DFOLLY_USE_LIBCPP=1",
					"-DFOLLY_CFG_NO_COROUTINES=1",
					"-DFOLLY_HAVE_CLOCK_GETTIME=1",
				);
				OTHER_LDFLAGS = "$(inherited)  ";
				REACT_NATIVE_PATH = "${PODS_ROOT}/../../node_modules/react-native";
				SDKROOT = iphoneos;
				USE_HERMES = false;
			};
			name = Debug;
		};
		83CBBA211A601CBA00E9B192 /* Release */ = {
			isa = XCBuildConfiguration;
			buildSettings = {
				ALWAYS_SEARCH_USER_PATHS = NO;
				CC = "";
				CLANG_ANALYZER_LOCALIZABILITY_NONLOCALIZED = YES;
				CLANG_CXX_LANGUAGE_STANDARD = "c++20";
				CLANG_CXX_LIBRARY = "libc++";
				CLANG_ENABLE_MODULES = YES;
				CLANG_ENABLE_OBJC_ARC = YES;
				CLANG_WARN_BLOCK_CAPTURE_AUTORELEASING = YES;
				CLANG_WARN_BOOL_CONVERSION = YES;
				CLANG_WARN_COMMA = YES;
				CLANG_WARN_CONSTANT_CONVERSION = YES;
				CLANG_WARN_DEPRECATED_OBJC_IMPLEMENTATIONS = YES;
				CLANG_WARN_DIRECT_OBJC_ISA_USAGE = YES_ERROR;
				CLANG_WARN_EMPTY_BODY = YES;
				CLANG_WARN_ENUM_CONVERSION = YES;
				CLANG_WARN_INFINITE_RECURSION = YES;
				CLANG_WARN_INT_CONVERSION = YES;
				CLANG_WARN_NON_LITERAL_NULL_CONVERSION = YES;
				CLANG_WARN_OBJC_IMPLICIT_RETAIN_SELF = YES;
				CLANG_WARN_OBJC_LITERAL_CONVERSION = YES;
				CLANG_WARN_OBJC_ROOT_CLASS = YES_ERROR;
				CLANG_WARN_QUOTED_INCLUDE_IN_FRAMEWORK_HEADER = YES;
				CLANG_WARN_RANGE_LOOP_ANALYSIS = YES;
				CLANG_WARN_STRICT_PROTOTYPES = YES;
				CLANG_WARN_SUSPICIOUS_MOVE = YES;
				CLANG_WARN_UNREACHABLE_CODE = YES;
				CLANG_WARN__DUPLICATE_METHOD_MATCH = YES;
				"CODE_SIGN_IDENTITY[sdk=iphoneos*]" = "iPhone Developer";
				COPY_PHASE_STRIP = YES;
				CXX = "";
				ENABLE_NS_ASSERTIONS = NO;
				ENABLE_STRICT_OBJC_MSGSEND = YES;
				"EXCLUDED_ARCHS[sdk=iphonesimulator*]" = "";
				GCC_C_LANGUAGE_STANDARD = gnu99;
				GCC_NO_COMMON_BLOCKS = YES;
				GCC_WARN_64_TO_32_BIT_CONVERSION = YES;
				GCC_WARN_ABOUT_RETURN_TYPE = YES_ERROR;
				GCC_WARN_UNDECLARED_SELECTOR = YES;
				GCC_WARN_UNINITIALIZED_AUTOS = YES_AGGRESSIVE;
				GCC_WARN_UNUSED_FUNCTION = YES;
				GCC_WARN_UNUSED_VARIABLE = YES;
				IPHONEOS_DEPLOYMENT_TARGET = 13.4;
				LD = "";
				LDPLUSPLUS = "";
				LD_RUNPATH_SEARCH_PATHS = (
					/usr/lib/swift,
					"$(inherited)",
				);
				LIBRARY_SEARCH_PATHS = (
					"\"$(SDKROOT)/usr/lib/swift\"",
					"\"$(TOOLCHAIN_DIR)/usr/lib/swift/$(PLATFORM_NAME)\"",
					"\"$(inherited)\"",
				);
				MTL_ENABLE_DEBUG_INFO = NO;
				OTHER_CPLUSPLUSFLAGS = (
					"$(OTHER_CFLAGS)",
					"-DFOLLY_NO_CONFIG",
					"-DFOLLY_MOBILE=1",
					"-DFOLLY_USE_LIBCPP=1",
					"-DFOLLY_CFG_NO_COROUTINES=1",
					"-DFOLLY_HAVE_CLOCK_GETTIME=1",
				);
				OTHER_LDFLAGS = "$(inherited)  ";
				REACT_NATIVE_PATH = "${PODS_ROOT}/../../node_modules/react-native";
				SDKROOT = iphoneos;
				USE_HERMES = false;
				VALIDATE_PRODUCT = YES;
			};
			name = Release;
		};
/* End XCBuildConfiguration section */

/* Begin XCConfigurationList section */
		00E357021AD99517003FC87E /* Build configuration list for PBXNativeTarget "ReceiptTests" */ = {
			isa = XCConfigurationList;
			buildConfigurations = (
				00E356F61AD99517003FC87E /* Debug */,
				00E356F71AD99517003FC87E /* Release */,
			);
			defaultConfigurationIsVisible = 0;
			defaultConfigurationName = Release;
		};
		13B07F931A680F5B00A75B9A /* Build configuration list for PBXNativeTarget "Receipt" */ = {
			isa = XCConfigurationList;
			buildConfigurations = (
				13B07F941A680F5B00A75B9A /* Debug */,
				13B07F951A680F5B00A75B9A /* Release */,
			);
			defaultConfigurationIsVisible = 0;
			defaultConfigurationName = Release;
		};
		83CBB9FA1A601CBA00E9B192 /* Build configuration list for PBXProject "Receipt" */ = {
			isa = XCConfigurationList;
			buildConfigurations = (
				83CBBA201A601CBA00E9B192 /* Debug */,
				83CBBA211A601CBA00E9B192 /* Release */,
			);
			defaultConfigurationIsVisible = 0;
			defaultConfigurationName = Release;
		};
/* End XCConfigurationList section */
	};
	rootObject = 83CBB9F71A601CBA00E9B192 /* Project object */;
}
